
Microsoft Visual Studio Solution File, Format Version 12.00
# Visual Studio Version 17
VisualStudioVersion = 17.13.35825.156 d17.13
MinimumVisualStudioVersion = 10.0.40219.1
Project("{888888A0-9F3D-457C-B088-3A5042F75D52}") = "Screen_time", "Screen_time\Screen_time.pyproj", "{1C5686F0-1922-478D-AF13-70898DBE72EF}"
EndProject
Global
	GlobalSection(SolutionConfigurationPlatforms) = preSolution
		Debug|Any CPU = Debug|Any CPU
		Release|Any CPU = Release|Any CPU
	EndGlobalSection
	GlobalSection(ProjectConfigurationPlatforms) = postSolution
		{1C5686F0-1922-478D-AF13-70898DBE72EF}.Debug|Any CPU.ActiveCfg = Debug|Any CPU
		{1C5686F0-1922-478D-AF13-70898DBE72EF}.Release|Any CPU.ActiveCfg = Release|Any CPU
	EndGlobalSection
	GlobalSection(SolutionProperties) = preSolution
		HideSolutionNode = FALSE
	EndGlobalSection
	GlobalSection(ExtensibilityGlobals) = postSolution
		SolutionGuid = {244F0BDD-D678-42E3-A5ED-A9951630CF19}
	EndGlobalSection
EndGlobal
