
Microsoft Visual Studio Solution File, Format Version 12.00
# Visual Studio Version 17
VisualStudioVersion = 17.13.35825.156 d17.13
MinimumVisualStudioVersion = 10.0.40219.1
Project("{888888A0-9F3D-457C-B088-3A5042F75D52}") = "warnings", "warnings\warnings.pyproj", "{9442033A-81CF-44C9-A330-50A069DB40D9}"
EndProject
Global
	GlobalSection(SolutionConfigurationPlatforms) = preSolution
		Debug|Any CPU = Debug|Any CPU
		Release|Any CPU = Release|Any CPU
	EndGlobalSection
	GlobalSection(ProjectConfigurationPlatforms) = postSolution
		{9442033A-81CF-44C9-A330-50A069DB40D9}.Debug|Any CPU.ActiveCfg = Debug|Any CPU
		{9442033A-81CF-44C9-A330-50A069DB40D9}.Release|Any CPU.ActiveCfg = Release|Any CPU
	EndGlobalSection
	GlobalSection(SolutionProperties) = preSolution
		HideSolutionNode = FALSE
	EndGlobalSection
	GlobalSection(ExtensibilityGlobals) = postSolution
		SolutionGuid = {9BC42E88-9D46-4C68-89BE-3D7D2553AD0C}
	EndGlobalSection
EndGlobal
